// !$*UTF8*$!
{
	archiveVersion = 1;
	classes = {
	};
	objectVersion = 56;
	objects = {

/* Begin PBXBuildFile section */
		71F7BC78C70AFF4996DCEBC5 /* Pods_Milton_Coloring.framework in Frameworks */ = {isa = PBXBuildFile; fileRef = 2874533AAA954BBE25B463E2 /* Pods_Milton_Coloring.framework */; };
		A2395A552C2ECC3D00B85FF2 /* SettingsViewController.swift in Sources */ = {isa = PBXBuildFile; fileRef = A2395A382C2ECC3C00B85FF2 /* SettingsViewController.swift */; };
		A2395A562C2ECC3D00B85FF2 /* SplashViewController.swift in Sources */ = {isa = PBXBuildFile; fileRef = A2395A392C2ECC3C00B85FF2 /* SplashViewController.swift */; };
		A2395A572C2ECC3D00B85FF2 /* StatisticsViewController.swift in Sources */ = {isa = PBXBuildFile; fileRef = A2395A3A2C2ECC3C00B85FF2 /* StatisticsViewController.swift */; };
		A2395A582C2ECC3D00B85FF2 /* MainMenuViewController.swift in Sources */ = {isa = PBXBuildFile; fileRef = A2395A3B2C2ECC3C00B85FF2 /* MainMenuViewController.swift */; };
		A2395A592C2ECC3D00B85FF2 /* Extensions.swift in Sources */ = {isa = PBXBuildFile; fileRef = A2395A3C2C2ECC3C00B85FF2 /* Extensions.swift */; };
		A2395A5A2C2ECC3D00B85FF2 /* ResourceWebViewViewController.swift in Sources */ = {isa = PBXBuildFile; fileRef = A2395A3E2C2ECC3D00B85FF2 /* ResourceWebViewViewController.swift */; };
		A2395A5B2C2ECC3D00B85FF2 /* Animation.swift in Sources */ = {isa = PBXBuildFile; fileRef = A2395A3F2C2ECC3D00B85FF2 /* Animation.swift */; };
		A2395A5D2C2ECC3D00B85FF2 /* MiltonButton.swift in Sources */ = {isa = PBXBuildFile; fileRef = A2395A412C2ECC3D00B85FF2 /* MiltonButton.swift */; };
		A2395A602C2ECC3D00B85FF2 /* SpriteSheet.swift in Sources */ = {isa = PBXBuildFile; fileRef = A2395A442C2ECC3D00B85FF2 /* SpriteSheet.swift */; };
		A2395A612C2ECC3D00B85FF2 /* Translation.swift in Sources */ = {isa = PBXBuildFile; fileRef = A2395A452C2ECC3D00B85FF2 /* Translation.swift */; };
		A2395A622C2ECC3D00B85FF2 /* Api.swift in Sources */ = {isa = PBXBuildFile; fileRef = A2395A472C2ECC3D00B85FF2 /* Api.swift */; };
		A2395A632C2ECC3D00B85FF2 /* APIClient.swift in Sources */ = {isa = PBXBuildFile; fileRef = A2395A482C2ECC3D00B85FF2 /* APIClient.swift */; };
		A2395A642C2ECC3D00B85FF2 /* AppDelegate.swift in Sources */ = {isa = PBXBuildFile; fileRef = A2395A492C2ECC3D00B85FF2 /* AppDelegate.swift */; };
		A2395A652C2ECC3D00B85FF2 /* AnalyticsController.swift in Sources */ = {isa = PBXBuildFile; fileRef = A2395A4B2C2ECC3D00B85FF2 /* AnalyticsController.swift */; };
		A2395A662C2ECC3D00B85FF2 /* AppsFlyerController.swift in Sources */ = {isa = PBXBuildFile; fileRef = A2395A4C2C2ECC3D00B85FF2 /* AppsFlyerController.swift */; };
		A2395A672C2ECC3D00B85FF2 /* AssetsManager.swift in Sources */ = {isa = PBXBuildFile; fileRef = A2395A4D2C2ECC3D00B85FF2 /* AssetsManager.swift */; };
		A2395A682C2ECC3D00B85FF2 /* Constraints.swift in Sources */ = {isa = PBXBuildFile; fileRef = A2395A4E2C2ECC3D00B85FF2 /* Constraints.swift */; };
		A2395A692C2ECC3D00B85FF2 /* ExperimentsController.swift in Sources */ = {isa = PBXBuildFile; fileRef = A2395A4F2C2ECC3D00B85FF2 /* ExperimentsController.swift */; };
		A2395A6A2C2ECC3D00B85FF2 /* InAppPurchases.swift in Sources */ = {isa = PBXBuildFile; fileRef = A2395A502C2ECC3D00B85FF2 /* InAppPurchases.swift */; };
		A2395A6B2C2ECC3D00B85FF2 /* PurchasesController.swift in Sources */ = {isa = PBXBuildFile; fileRef = A2395A512C2ECC3D00B85FF2 /* PurchasesController.swift */; };
		A2395A6C2C2ECC3D00B85FF2 /* SoundsController.swift in Sources */ = {isa = PBXBuildFile; fileRef = A2395A522C2ECC3D00B85FF2 /* SoundsController.swift */; };
		A2395A6D2C2ECC3D00B85FF2 /* StatisticsController.swift in Sources */ = {isa = PBXBuildFile; fileRef = A2395A532C2ECC3D00B85FF2 /* StatisticsController.swift */; };
		A2395A6F2C32D4CA00B85FF2 /* ColoringBook.swift in Sources */ = {isa = PBXBuildFile; fileRef = A2395A6E2C32D4CA00B85FF2 /* ColoringBook.swift */; };
		A2400AC92C4EA4CE003B4018 /* ColoringPanelViewModel.swift in Sources */ = {isa = PBXBuildFile; fileRef = A2400AC82C4EA4CE003B4018 /* ColoringPanelViewModel.swift */; };
		A2417FEC2C76355400E89451 /* PassThroughImageView.swift in Sources */ = {isa = PBXBuildFile; fileRef = A2417FEB2C76355400E89451 /* PassThroughImageView.swift */; };
		A24C5A3E2C493D0800533D88 /* ColoringPanelView.swift in Sources */ = {isa = PBXBuildFile; fileRef = A24C5A3D2C493D0800533D88 /* ColoringPanelView.swift */; };
		A2B641132C6A16AD00BDAB56 /* ColorableView.swift in Sources */ = {isa = PBXBuildFile; fileRef = A2B641122C6A16AD00BDAB56 /* ColorableView.swift */; };
		A2BB93D02C3FCE910024CCAF /* ColoringViewController.swift in Sources */ = {isa = PBXBuildFile; fileRef = A2BB93CF2C3FCE910024CCAF /* ColoringViewController.swift */; };
		A2D7FB172C7CA96600E16E1C /* RevealImageView.swift in Sources */ = {isa = PBXBuildFile; fileRef = A2D7FB162C7CA96600E16E1C /* RevealImageView.swift */; };
		A2D7FB192C7DBDF300E16E1C /* MaskedView.swift in Sources */ = {isa = PBXBuildFile; fileRef = A2D7FB182C7DBDF300E16E1C /* MaskedView.swift */; };
		A2F110E82C2EBFCE00F69E24 /* SceneDelegate.swift in Sources */ = {isa = PBXBuildFile; fileRef = A2F110E72C2EBFCE00F69E24 /* SceneDelegate.swift */; };
		A2F110ED2C2EBFCE00F69E24 /* Base in Resources */ = {isa = PBXBuildFile; fileRef = A2F110EC2C2EBFCE00F69E24 /* Base */; };
		A2F110EF2C2EBFCF00F69E24 /* Assets.xcassets in Resources */ = {isa = PBXBuildFile; fileRef = A2F110EE2C2EBFCF00F69E24 /* Assets.xcassets */; };
		A2F110F22C2EBFCF00F69E24 /* Base in Resources */ = {isa = PBXBuildFile; fileRef = A2F110F12C2EBFCF00F69E24 /* Base */; };
/* End PBXBuildFile section */

/* Begin PBXFileReference section */
		2874533AAA954BBE25B463E2 /* Pods_Milton_Coloring.framework */ = {isa = PBXFileReference; explicitFileType = wrapper.framework; includeInIndex = 0; path = Pods_Milton_Coloring.framework; sourceTree = BUILT_PRODUCTS_DIR; };
		6123C984AC1B514FB5777390 /* Pods-Milton-Coloring.debug.xcconfig */ = {isa = PBXFileReference; includeInIndex = 1; lastKnownFileType = text.xcconfig; name = "Pods-Milton-Coloring.debug.xcconfig"; path = "Target Support Files/Pods-Milton-Coloring/Pods-Milton-Coloring.debug.xcconfig"; sourceTree = "<group>"; };
		A2395A382C2ECC3C00B85FF2 /* SettingsViewController.swift */ = {isa = PBXFileReference; fileEncoding = 4; lastKnownFileType = sourcecode.swift; path = SettingsViewController.swift; sourceTree = "<group>"; };
		A2395A392C2ECC3C00B85FF2 /* SplashViewController.swift */ = {isa = PBXFileReference; fileEncoding = 4; lastKnownFileType = sourcecode.swift; path = SplashViewController.swift; sourceTree = "<group>"; };
		A2395A3A2C2ECC3C00B85FF2 /* StatisticsViewController.swift */ = {isa = PBXFileReference; fileEncoding = 4; lastKnownFileType = sourcecode.swift; path = StatisticsViewController.swift; sourceTree = "<group>"; };
		A2395A3B2C2ECC3C00B85FF2 /* MainMenuViewController.swift */ = {isa = PBXFileReference; fileEncoding = 4; lastKnownFileType = sourcecode.swift; path = MainMenuViewController.swift; sourceTree = "<group>"; };
		A2395A3C2C2ECC3C00B85FF2 /* Extensions.swift */ = {isa = PBXFileReference; fileEncoding = 4; lastKnownFileType = sourcecode.swift; path = Extensions.swift; sourceTree = "<group>"; };
		A2395A3E2C2ECC3D00B85FF2 /* ResourceWebViewViewController.swift */ = {isa = PBXFileReference; fileEncoding = 4; lastKnownFileType = sourcecode.swift; path = ResourceWebViewViewController.swift; sourceTree = "<group>"; };
		A2395A3F2C2ECC3D00B85FF2 /* Animation.swift */ = {isa = PBXFileReference; fileEncoding = 4; lastKnownFileType = sourcecode.swift; path = Animation.swift; sourceTree = "<group>"; };
		A2395A412C2ECC3D00B85FF2 /* MiltonButton.swift */ = {isa = PBXFileReference; fileEncoding = 4; lastKnownFileType = sourcecode.swift; path = MiltonButton.swift; sourceTree = "<group>"; };
		A2395A442C2ECC3D00B85FF2 /* SpriteSheet.swift */ = {isa = PBXFileReference; fileEncoding = 4; lastKnownFileType = sourcecode.swift; path = SpriteSheet.swift; sourceTree = "<group>"; };
		A2395A452C2ECC3D00B85FF2 /* Translation.swift */ = {isa = PBXFileReference; fileEncoding = 4; lastKnownFileType = sourcecode.swift; path = Translation.swift; sourceTree = "<group>"; };
		A2395A472C2ECC3D00B85FF2 /* Api.swift */ = {isa = PBXFileReference; fileEncoding = 4; lastKnownFileType = sourcecode.swift; path = Api.swift; sourceTree = "<group>"; };
		A2395A482C2ECC3D00B85FF2 /* APIClient.swift */ = {isa = PBXFileReference; fileEncoding = 4; lastKnownFileType = sourcecode.swift; path = APIClient.swift; sourceTree = "<group>"; };
		A2395A492C2ECC3D00B85FF2 /* AppDelegate.swift */ = {isa = PBXFileReference; fileEncoding = 4; lastKnownFileType = sourcecode.swift; path = AppDelegate.swift; sourceTree = "<group>"; };
		A2395A4B2C2ECC3D00B85FF2 /* AnalyticsController.swift */ = {isa = PBXFileReference; fileEncoding = 4; lastKnownFileType = sourcecode.swift; path = AnalyticsController.swift; sourceTree = "<group>"; };
		A2395A4C2C2ECC3D00B85FF2 /* AppsFlyerController.swift */ = {isa = PBXFileReference; fileEncoding = 4; lastKnownFileType = sourcecode.swift; path = AppsFlyerController.swift; sourceTree = "<group>"; };
		A2395A4D2C2ECC3D00B85FF2 /* AssetsManager.swift */ = {isa = PBXFileReference; fileEncoding = 4; lastKnownFileType = sourcecode.swift; path = AssetsManager.swift; sourceTree = "<group>"; };
		A2395A4E2C2ECC3D00B85FF2 /* Constraints.swift */ = {isa = PBXFileReference; fileEncoding = 4; lastKnownFileType = sourcecode.swift; path = Constraints.swift; sourceTree = "<group>"; };
		A2395A4F2C2ECC3D00B85FF2 /* ExperimentsController.swift */ = {isa = PBXFileReference; fileEncoding = 4; lastKnownFileType = sourcecode.swift; path = ExperimentsController.swift; sourceTree = "<group>"; };
		A2395A502C2ECC3D00B85FF2 /* InAppPurchases.swift */ = {isa = PBXFileReference; fileEncoding = 4; lastKnownFileType = sourcecode.swift; path = InAppPurchases.swift; sourceTree = "<group>"; };
		A2395A512C2ECC3D00B85FF2 /* PurchasesController.swift */ = {isa = PBXFileReference; fileEncoding = 4; lastKnownFileType = sourcecode.swift; path = PurchasesController.swift; sourceTree = "<group>"; };
		A2395A522C2ECC3D00B85FF2 /* SoundsController.swift */ = {isa = PBXFileReference; fileEncoding = 4; lastKnownFileType = sourcecode.swift; path = SoundsController.swift; sourceTree = "<group>"; };
		A2395A532C2ECC3D00B85FF2 /* StatisticsController.swift */ = {isa = PBXFileReference; fileEncoding = 4; lastKnownFileType = sourcecode.swift; path = StatisticsController.swift; sourceTree = "<group>"; };
		A2395A6E2C32D4CA00B85FF2 /* ColoringBook.swift */ = {isa = PBXFileReference; lastKnownFileType = sourcecode.swift; path = ColoringBook.swift; sourceTree = "<group>"; };
		A2400AC82C4EA4CE003B4018 /* ColoringPanelViewModel.swift */ = {isa = PBXFileReference; lastKnownFileType = sourcecode.swift; path = ColoringPanelViewModel.swift; sourceTree = "<group>"; };
		A2417FEB2C76355400E89451 /* PassThroughImageView.swift */ = {isa = PBXFileReference; lastKnownFileType = sourcecode.swift; path = PassThroughImageView.swift; sourceTree = "<group>"; };
		A24C5A3D2C493D0800533D88 /* ColoringPanelView.swift */ = {isa = PBXFileReference; lastKnownFileType = sourcecode.swift; path = ColoringPanelView.swift; sourceTree = "<group>"; };
		A2B641122C6A16AD00BDAB56 /* ColorableView.swift */ = {isa = PBXFileReference; lastKnownFileType = sourcecode.swift; path = ColorableView.swift; sourceTree = "<group>"; };
		A2BB93CF2C3FCE910024CCAF /* ColoringViewController.swift */ = {isa = PBXFileReference; lastKnownFileType = sourcecode.swift; path = ColoringViewController.swift; sourceTree = "<group>"; };
		A2D7FB162C7CA96600E16E1C /* RevealImageView.swift */ = {isa = PBXFileReference; lastKnownFileType = sourcecode.swift; path = RevealImageView.swift; sourceTree = "<group>"; };
		A2D7FB182C7DBDF300E16E1C /* MaskedView.swift */ = {isa = PBXFileReference; lastKnownFileType = sourcecode.swift; path = MaskedView.swift; sourceTree = "<group>"; };
		A2F110E22C2EBFCE00F69E24 /* Milton-Coloring.app */ = {isa = PBXFileReference; explicitFileType = wrapper.application; includeInIndex = 0; path = "Milton-Coloring.app"; sourceTree = BUILT_PRODUCTS_DIR; };
		A2F110E72C2EBFCE00F69E24 /* SceneDelegate.swift */ = {isa = PBXFileReference; lastKnownFileType = sourcecode.swift; path = SceneDelegate.swift; sourceTree = "<group>"; };
		A2F110EC2C2EBFCE00F69E24 /* Base */ = {isa = PBXFileReference; lastKnownFileType = file.storyboard; name = Base; path = Base.lproj/Main.storyboard; sourceTree = "<group>"; };
		A2F110EE2C2EBFCF00F69E24 /* Assets.xcassets */ = {isa = PBXFileReference; lastKnownFileType = folder.assetcatalog; path = Assets.xcassets; sourceTree = "<group>"; };
		A2F110F12C2EBFCF00F69E24 /* Base */ = {isa = PBXFileReference; lastKnownFileType = file.storyboard; name = Base; path = Base.lproj/LaunchScreen.storyboard; sourceTree = "<group>"; };
		A2F110F32C2EBFCF00F69E24 /* Info.plist */ = {isa = PBXFileReference; lastKnownFileType = text.plist.xml; path = Info.plist; sourceTree = "<group>"; };
		F43A4D8C1C4135918D029B23 /* Pods-Milton-Coloring.release.xcconfig */ = {isa = PBXFileReference; includeInIndex = 1; lastKnownFileType = text.xcconfig; name = "Pods-Milton-Coloring.release.xcconfig"; path = "Target Support Files/Pods-Milton-Coloring/Pods-Milton-Coloring.release.xcconfig"; sourceTree = "<group>"; };
/* End PBXFileReference section */

/* Begin PBXFrameworksBuildPhase section */
		A2F110DF2C2EBFCE00F69E24 /* Frameworks */ = {
			isa = PBXFrameworksBuildPhase;
			buildActionMask = 2147483647;
			files = (
				71F7BC78C70AFF4996DCEBC5 /* Pods_Milton_Coloring.framework in Frameworks */,
			);
			runOnlyForDeploymentPostprocessing = 0;
		};
/* End PBXFrameworksBuildPhase section */

/* Begin PBXGroup section */
		5CA11AE33C9680ED7365E6BB /* Pods */ = {
			isa = PBXGroup;
			children = (
				6123C984AC1B514FB5777390 /* Pods-Milton-Coloring.debug.xcconfig */,
				F43A4D8C1C4135918D029B23 /* Pods-Milton-Coloring.release.xcconfig */,
			);
			name = Pods;
			path = ../Pods;
			sourceTree = "<group>";
		};
		A2395A3D2C2ECC3C00B85FF2 /* Utils */ = {
			isa = PBXGroup;
			children = (
				A2395A3C2C2ECC3C00B85FF2 /* Extensions.swift */,
				A2417FEB2C76355400E89451 /* PassThroughImageView.swift */,
			);
			path = Utils;
			sourceTree = "<group>";
		};
		A2395A462C2ECC3D00B85FF2 /* Models */ = {
			isa = PBXGroup;
			children = (
				A2395A3F2C2ECC3D00B85FF2 /* Animation.swift */,
				A2395A412C2ECC3D00B85FF2 /* MiltonButton.swift */,
				A2395A442C2ECC3D00B85FF2 /* SpriteSheet.swift */,
				A2395A452C2ECC3D00B85FF2 /* Translation.swift */,
				A2395A6E2C32D4CA00B85FF2 /* ColoringBook.swift */,
			);
			path = Models;
			sourceTree = "<group>";
		};
		A2395A4A2C2ECC3D00B85FF2 /* API */ = {
			isa = PBXGroup;
			children = (
				A2395A472C2ECC3D00B85FF2 /* Api.swift */,
				A2395A482C2ECC3D00B85FF2 /* APIClient.swift */,
				A2395A492C2ECC3D00B85FF2 /* AppDelegate.swift */,
			);
			path = API;
			sourceTree = "<group>";
		};
		A2395A542C2ECC3D00B85FF2 /* Controllers */ = {
			isa = PBXGroup;
			children = (
				A2395A4A2C2ECC3D00B85FF2 /* API */,
				A2395A4B2C2ECC3D00B85FF2 /* AnalyticsController.swift */,
				A2395A4C2C2ECC3D00B85FF2 /* AppsFlyerController.swift */,
				A2395A4D2C2ECC3D00B85FF2 /* AssetsManager.swift */,
				A2395A4E2C2ECC3D00B85FF2 /* Constraints.swift */,
				A2395A4F2C2ECC3D00B85FF2 /* ExperimentsController.swift */,
				A2395A502C2ECC3D00B85FF2 /* InAppPurchases.swift */,
				A2395A512C2ECC3D00B85FF2 /* PurchasesController.swift */,
				A2395A522C2ECC3D00B85FF2 /* SoundsController.swift */,
				A2395A532C2ECC3D00B85FF2 /* StatisticsController.swift */,
			);
			path = Controllers;
			sourceTree = "<group>";
		};
		A24C5A3C2C493CF800533D88 /* ColoringPanel */ = {
			isa = PBXGroup;
			children = (
				A24C5A3D2C493D0800533D88 /* ColoringPanelView.swift */,
				A2400AC82C4EA4CE003B4018 /* ColoringPanelViewModel.swift */,
			);
			path = ColoringPanel;
			sourceTree = "<group>";
		};
		A2BB93D32C4016BD0024CCAF /* Coloring */ = {
			isa = PBXGroup;
			children = (
				A24C5A3C2C493CF800533D88 /* ColoringPanel */,
				A2BB93CF2C3FCE910024CCAF /* ColoringViewController.swift */,
				A2B641122C6A16AD00BDAB56 /* ColorableView.swift */,
				A2D7FB162C7CA96600E16E1C /* RevealImageView.swift */,
				A2D7FB182C7DBDF300E16E1C /* MaskedView.swift */,
			);
			path = Coloring;
			sourceTree = "<group>";
		};
		A2F110D92C2EBFCE00F69E24 = {
			isa = PBXGroup;
			children = (
				A2F110E42C2EBFCE00F69E24 /* Milton-Coloring */,
				A2F110E32C2EBFCE00F69E24 /* Products */,
				5CA11AE33C9680ED7365E6BB /* Pods */,
				CCB2997DC6C6B61758D07F89 /* Frameworks */,
			);
			sourceTree = "<group>";
		};
		A2F110E32C2EBFCE00F69E24 /* Products */ = {
			isa = PBXGroup;
			children = (
				A2F110E22C2EBFCE00F69E24 /* Milton-Coloring.app */,
			);
			name = Products;
			sourceTree = "<group>";
		};
		A2F110E42C2EBFCE00F69E24 /* Milton-Coloring */ = {
			isa = PBXGroup;
			children = (
				A2395A3D2C2ECC3C00B85FF2 /* Utils */,
				A2395A462C2ECC3D00B85FF2 /* Models */,
				A2395A542C2ECC3D00B85FF2 /* Controllers */,
				A2BB93D32C4016BD0024CCAF /* Coloring */,
				A2F110E72C2EBFCE00F69E24 /* SceneDelegate.swift */,
				A2395A392C2ECC3C00B85FF2 /* SplashViewController.swift */,
				A2395A3B2C2ECC3C00B85FF2 /* MainMenuViewController.swift */,
				A2395A3E2C2ECC3D00B85FF2 /* ResourceWebViewViewController.swift */,
				A2395A382C2ECC3C00B85FF2 /* SettingsViewController.swift */,
				A2395A3A2C2ECC3C00B85FF2 /* StatisticsViewController.swift */,
				A2F110EB2C2EBFCE00F69E24 /* Main.storyboard */,
				A2F110EE2C2EBFCF00F69E24 /* Assets.xcassets */,
				A2F110F02C2EBFCF00F69E24 /* LaunchScreen.storyboard */,
				A2F110F32C2EBFCF00F69E24 /* Info.plist */,
			);
			path = "Milton-Coloring";
			sourceTree = "<group>";
		};
		CCB2997DC6C6B61758D07F89 /* Frameworks */ = {
			isa = PBXGroup;
			children = (
				2874533AAA954BBE25B463E2 /* Pods_Milton_Coloring.framework */,
			);
			name = Frameworks;
			sourceTree = "<group>";
		};
/* End PBXGroup section */

/* Begin PBXNativeTarget section */
		A2F110E12C2EBFCE00F69E24 /* Milton-Coloring */ = {
			isa = PBXNativeTarget;
			buildConfigurationList = A2F110F62C2EBFCF00F69E24 /* Build configuration list for PBXNativeTarget "Milton-Coloring" */;
			buildPhases = (
				9097B84992AC17680EC82B47 /* [CP] Check Pods Manifest.lock */,
				A2F110DE2C2EBFCE00F69E24 /* Sources */,
				A2F110DF2C2EBFCE00F69E24 /* Frameworks */,
				A2F110E02C2EBFCE00F69E24 /* Resources */,
				AE7A0CF3AEE0A9968B5001FD /* [CP] Embed Pods Frameworks */,
				6F7ED1E1FF5E76BA07CB846C /* [CP] Copy Pods Resources */,
			);
			buildRules = (
			);
			dependencies = (
			);
			name = "Milton-Coloring";
			productName = "Milton-Coloring";
			productReference = A2F110E22C2EBFCE00F69E24 /* Milton-Coloring.app */;
			productType = "com.apple.product-type.application";
		};
/* End PBXNativeTarget section */

/* Begin PBXProject section */
		A2F110DA2C2EBFCE00F69E24 /* Project object */ = {
			isa = PBXProject;
			attributes = {
				BuildIndependentTargetsInParallel = 1;
				LastSwiftUpdateCheck = 1540;
				LastUpgradeCheck = 1540;
				TargetAttributes = {
					A2F110E12C2EBFCE00F69E24 = {
						CreatedOnToolsVersion = 15.4;
					};
				};
			};
			buildConfigurationList = A2F110DD2C2EBFCE00F69E24 /* Build configuration list for PBXProject "Milton-Coloring" */;
			compatibilityVersion = "Xcode 14.0";
			developmentRegion = en;
			hasScannedForEncodings = 0;
			knownRegions = (
				en,
				Base,
			);
			mainGroup = A2F110D92C2EBFCE00F69E24;
			productRefGroup = A2F110E32C2EBFCE00F69E24 /* Products */;
			projectDirPath = "";
			projectRoot = "";
			targets = (
				A2F110E12C2EBFCE00F69E24 /* Milton-Coloring */,
			);
		};
/* End PBXProject section */

/* Begin PBXResourcesBuildPhase section */
		A2F110E02C2EBFCE00F69E24 /* Resources */ = {
			isa = PBXResourcesBuildPhase;
			buildActionMask = 2147483647;
			files = (
				A2F110EF2C2EBFCF00F69E24 /* Assets.xcassets in Resources */,
				A2F110F22C2EBFCF00F69E24 /* Base in Resources */,
				A2F110ED2C2EBFCE00F69E24 /* Base in Resources */,
			);
			runOnlyForDeploymentPostprocessing = 0;
		};
/* End PBXResourcesBuildPhase section */

/* Begin PBXShellScriptBuildPhase section */
		6F7ED1E1FF5E76BA07CB846C /* [CP] Copy Pods Resources */ = {
			isa = PBXShellScriptBuildPhase;
			buildActionMask = 2147483647;
			files = (
			);
			inputFileListPaths = (
				"${PODS_ROOT}/Target Support Files/Pods-Milton-Coloring/Pods-Milton-Coloring-resources-${CONFIGURATION}-input-files.xcfilelist",
			);
			name = "[CP] Copy Pods Resources";
			outputFileListPaths = (
				"${PODS_ROOT}/Target Support Files/Pods-Milton-Coloring/Pods-Milton-Coloring-resources-${CONFIGURATION}-output-files.xcfilelist",
			);
			runOnlyForDeploymentPostprocessing = 0;
			shellPath = /bin/sh;
			shellScript = "\"${PODS_ROOT}/Target Support Files/Pods-Milton-Coloring/Pods-Milton-Coloring-resources.sh\"\n";
			showEnvVarsInLog = 0;
		};
		9097B84992AC17680EC82B47 /* [CP] Check Pods Manifest.lock */ = {
			isa = PBXShellScriptBuildPhase;
			buildActionMask = 2147483647;
			files = (
			);
			inputFileListPaths = (
			);
			inputPaths = (
				"${PODS_PODFILE_DIR_PATH}/Podfile.lock",
				"${PODS_ROOT}/Manifest.lock",
			);
			name = "[CP] Check Pods Manifest.lock";
			outputFileListPaths = (
			);
			outputPaths = (
				"$(DERIVED_FILE_DIR)/Pods-Milton-Coloring-checkManifestLockResult.txt",
			);
			runOnlyForDeploymentPostprocessing = 0;
			shellPath = /bin/sh;
			shellScript = "diff \"${PODS_PODFILE_DIR_PATH}/Podfile.lock\" \"${PODS_ROOT}/Manifest.lock\" > /dev/null\nif [ $? != 0 ] ; then\n    # print error to STDERR\n    echo \"error: The sandbox is not in sync with the Podfile.lock. Run 'pod install' or update your CocoaPods installation.\" >&2\n    exit 1\nfi\n# This output is used by Xcode 'outputs' to avoid re-running this script phase.\necho \"SUCCESS\" > \"${SCRIPT_OUTPUT_FILE_0}\"\n";
			showEnvVarsInLog = 0;
		};
		AE7A0CF3AEE0A9968B5001FD /* [CP] Embed Pods Frameworks */ = {
			isa = PBXShellScriptBuildPhase;
			buildActionMask = 2147483647;
			files = (
			);
			inputFileListPaths = (
				"${PODS_ROOT}/Target Support Files/Pods-Milton-Coloring/Pods-Milton-Coloring-frameworks-${CONFIGURATION}-input-files.xcfilelist",
			);
			name = "[CP] Embed Pods Frameworks";
			outputFileListPaths = (
				"${PODS_ROOT}/Target Support Files/Pods-Milton-Coloring/Pods-Milton-Coloring-frameworks-${CONFIGURATION}-output-files.xcfilelist",
			);
			runOnlyForDeploymentPostprocessing = 0;
			shellPath = /bin/sh;
			shellScript = "\"${PODS_ROOT}/Target Support Files/Pods-Milton-Coloring/Pods-Milton-Coloring-frameworks.sh\"\n";
			showEnvVarsInLog = 0;
		};
/* End PBXShellScriptBuildPhase section */

/* Begin PBXSourcesBuildPhase section */
		A2F110DE2C2EBFCE00F69E24 /* Sources */ = {
			isa = PBXSourcesBuildPhase;
			buildActionMask = 2147483647;
			files = (
				A2395A6A2C2ECC3D00B85FF2 /* InAppPurchases.swift in Sources */,
				A2395A652C2ECC3D00B85FF2 /* AnalyticsController.swift in Sources */,
				A2395A6C2C2ECC3D00B85FF2 /* SoundsController.swift in Sources */,
				A2D7FB172C7CA96600E16E1C /* RevealImageView.swift in Sources */,
				A2395A6D2C2ECC3D00B85FF2 /* StatisticsController.swift in Sources */,
				A2395A642C2ECC3D00B85FF2 /* AppDelegate.swift in Sources */,
				A2395A6F2C32D4CA00B85FF2 /* ColoringBook.swift in Sources */,
				A2F110E82C2EBFCE00F69E24 /* SceneDelegate.swift in Sources */,
				A2400AC92C4EA4CE003B4018 /* ColoringPanelViewModel.swift in Sources */,
				A2395A592C2ECC3D00B85FF2 /* Extensions.swift in Sources */,
				A2BB93D02C3FCE910024CCAF /* ColoringViewController.swift in Sources */,
				A2395A6B2C2ECC3D00B85FF2 /* PurchasesController.swift in Sources */,
				A2395A622C2ECC3D00B85FF2 /* Api.swift in Sources */,
				A2395A672C2ECC3D00B85FF2 /* AssetsManager.swift in Sources */,
				A2395A602C2ECC3D00B85FF2 /* SpriteSheet.swift in Sources */,
				A2395A5D2C2ECC3D00B85FF2 /* MiltonButton.swift in Sources */,
				A2395A5A2C2ECC3D00B85FF2 /* ResourceWebViewViewController.swift in Sources */,
				A2395A662C2ECC3D00B85FF2 /* AppsFlyerController.swift in Sources */,
				A2395A692C2ECC3D00B85FF2 /* ExperimentsController.swift in Sources */,
				A2395A572C2ECC3D00B85FF2 /* StatisticsViewController.swift in Sources */,
				A2417FEC2C76355400E89451 /* PassThroughImageView.swift in Sources */,
				A24C5A3E2C493D0800533D88 /* ColoringPanelView.swift in Sources */,
				A2B641132C6A16AD00BDAB56 /* ColorableView.swift in Sources */,
				A2395A682C2ECC3D00B85FF2 /* Constraints.swift in Sources */,
				A2395A582C2ECC3D00B85FF2 /* MainMenuViewController.swift in Sources */,
				A2395A612C2ECC3D00B85FF2 /* Translation.swift in Sources */,
				A2D7FB192C7DBDF300E16E1C /* MaskedView.swift in Sources */,
				A2395A552C2ECC3D00B85FF2 /* SettingsViewController.swift in Sources */,
				A2395A5B2C2ECC3D00B85FF2 /* Animation.swift in Sources */,
				A2395A562C2ECC3D00B85FF2 /* SplashViewController.swift in Sources */,
				A2395A632C2ECC3D00B85FF2 /* APIClient.swift in Sources */,
			);
			runOnlyForDeploymentPostprocessing = 0;
		};
/* End PBXSourcesBuildPhase section */

/* Begin PBXVariantGroup section */
		A2F110EB2C2EBFCE00F69E24 /* Main.storyboard */ = {
			isa = PBXVariantGroup;
			children = (
				A2F110EC2C2EBFCE00F69E24 /* Base */,
			);
			name = Main.storyboard;
			sourceTree = "<group>";
		};
		A2F110F02C2EBFCF00F69E24 /* LaunchScreen.storyboard */ = {
			isa = PBXVariantGroup;
			children = (
				A2F110F12C2EBFCF00F69E24 /* Base */,
			);
			name = LaunchScreen.storyboard;
			sourceTree = "<group>";
		};
/* End PBXVariantGroup section */

/* Begin XCBuildConfiguration section */
		A2F110F42C2EBFCF00F69E24 /* Debug */ = {
			isa = XCBuildConfiguration;
			buildSettings = {
				ALWAYS_SEARCH_USER_PATHS = NO;
				ASSETCATALOG_COMPILER_GENERATE_SWIFT_ASSET_SYMBOL_EXTENSIONS = YES;
				CLANG_ANALYZER_NONNULL = YES;
				CLANG_ANALYZER_NUMBER_OBJECT_CONVERSION = YES_AGGRESSIVE;
				CLANG_CXX_LANGUAGE_STANDARD = "gnu++20";
				CLANG_ENABLE_MODULES = YES;
				CLANG_ENABLE_OBJC_ARC = YES;
				CLANG_ENABLE_OBJC_WEAK = YES;
				CLANG_WARN_BLOCK_CAPTURE_AUTORELEASING = YES;
				CLANG_WARN_BOOL_CONVERSION = YES;
				CLANG_WARN_COMMA = YES;
				CLANG_WARN_CONSTANT_CONVERSION = YES;
				CLANG_WARN_DEPRECATED_OBJC_IMPLEMENTATIONS = YES;
				CLANG_WARN_DIRECT_OBJC_ISA_USAGE = YES_ERROR;
				CLANG_WARN_DOCUMENTATION_COMMENTS = YES;
				CLANG_WARN_EMPTY_BODY = YES;
				CLANG_WARN_ENUM_CONVERSION = YES;
				CLANG_WARN_INFINITE_RECURSION = YES;
				CLANG_WARN_INT_CONVERSION = YES;
				CLANG_WARN_NON_LITERAL_NULL_CONVERSION = YES;
				CLANG_WARN_OBJC_IMPLICIT_RETAIN_SELF = YES;
				CLANG_WARN_OBJC_LITERAL_CONVERSION = YES;
				CLANG_WARN_OBJC_ROOT_CLASS = YES_ERROR;
				CLANG_WARN_QUOTED_INCLUDE_IN_FRAMEWORK_HEADER = YES;
				CLANG_WARN_RANGE_LOOP_ANALYSIS = YES;
				CLANG_WARN_STRICT_PROTOTYPES = YES;
				CLANG_WARN_SUSPICIOUS_MOVE = YES;
				CLANG_WARN_UNGUARDED_AVAILABILITY = YES_AGGRESSIVE;
				CLANG_WARN_UNREACHABLE_CODE = YES;
				CLANG_WARN__DUPLICATE_METHOD_MATCH = YES;
				COPY_PHASE_STRIP = NO;
				DEBUG_INFORMATION_FORMAT = dwarf;
				ENABLE_STRICT_OBJC_MSGSEND = YES;
				ENABLE_TESTABILITY = YES;
				ENABLE_USER_SCRIPT_SANDBOXING = NO;
				GCC_C_LANGUAGE_STANDARD = gnu17;
				GCC_DYNAMIC_NO_PIC = NO;
				GCC_NO_COMMON_BLOCKS = YES;
				GCC_OPTIMIZATION_LEVEL = 0;
				GCC_PREPROCESSOR_DEFINITIONS = (
					"DEBUG=1",
					"$(inherited)",
				);
				GCC_WARN_64_TO_32_BIT_CONVERSION = YES;
				GCC_WARN_ABOUT_RETURN_TYPE = YES_ERROR;
				GCC_WARN_UNDECLARED_SELECTOR = YES;
				GCC_WARN_UNINITIALIZED_AUTOS = YES_AGGRESSIVE;
				GCC_WARN_UNUSED_FUNCTION = YES;
				GCC_WARN_UNUSED_VARIABLE = YES;
				IPHONEOS_DEPLOYMENT_TARGET = 17.5;
				LOCALIZATION_PREFERS_STRING_CATALOGS = YES;
				MTL_ENABLE_DEBUG_INFO = INCLUDE_SOURCE;
				MTL_FAST_MATH = YES;
				ONLY_ACTIVE_ARCH = YES;
				SDKROOT = iphoneos;
				SWIFT_ACTIVE_COMPILATION_CONDITIONS = "DEBUG $(inherited)";
				SWIFT_OPTIMIZATION_LEVEL = "-Onone";
			};
			name = Debug;
		};
		A2F110F52C2EBFCF00F69E24 /* Release */ = {
			isa = XCBuildConfiguration;
			buildSettings = {
				ALWAYS_SEARCH_USER_PATHS = NO;
				ASSETCATALOG_COMPILER_GENERATE_SWIFT_ASSET_SYMBOL_EXTENSIONS = YES;
				CLANG_ANALYZER_NONNULL = YES;
				CLANG_ANALYZER_NUMBER_OBJECT_CONVERSION = YES_AGGRESSIVE;
				CLANG_CXX_LANGUAGE_STANDARD = "gnu++20";
				CLANG_ENABLE_MODULES = YES;
				CLANG_ENABLE_OBJC_ARC = YES;
				CLANG_ENABLE_OBJC_WEAK = YES;
				CLANG_WARN_BLOCK_CAPTURE_AUTORELEASING = YES;
				CLANG_WARN_BOOL_CONVERSION = YES;
				CLANG_WARN_COMMA = YES;
				CLANG_WARN_CONSTANT_CONVERSION = YES;
				CLANG_WARN_DEPRECATED_OBJC_IMPLEMENTATIONS = YES;
				CLANG_WARN_DIRECT_OBJC_ISA_USAGE = YES_ERROR;
				CLANG_WARN_DOCUMENTATION_COMMENTS = YES;
				CLANG_WARN_EMPTY_BODY = YES;
				CLANG_WARN_ENUM_CONVERSION = YES;
				CLANG_WARN_INFINITE_RECURSION = YES;
				CLANG_WARN_INT_CONVERSION = YES;
				CLANG_WARN_NON_LITERAL_NULL_CONVERSION = YES;
				CLANG_WARN_OBJC_IMPLICIT_RETAIN_SELF = YES;
				CLANG_WARN_OBJC_LITERAL_CONVERSION = YES;
				CLANG_WARN_OBJC_ROOT_CLASS = YES_ERROR;
				CLANG_WARN_QUOTED_INCLUDE_IN_FRAMEWORK_HEADER = YES;
				CLANG_WARN_RANGE_LOOP_ANALYSIS = YES;
				CLANG_WARN_STRICT_PROTOTYPES = YES;
				CLANG_WARN_SUSPICIOUS_MOVE = YES;
				CLANG_WARN_UNGUARDED_AVAILABILITY = YES_AGGRESSIVE;
				CLANG_WARN_UNREACHABLE_CODE = YES;
				CLANG_WARN__DUPLICATE_METHOD_MATCH = YES;
				COPY_PHASE_STRIP = NO;
				DEBUG_INFORMATION_FORMAT = "dwarf-with-dsym";
				ENABLE_NS_ASSERTIONS = NO;
				ENABLE_STRICT_OBJC_MSGSEND = YES;
				ENABLE_USER_SCRIPT_SANDBOXING = NO;
				GCC_C_LANGUAGE_STANDARD = gnu17;
				GCC_NO_COMMON_BLOCKS = YES;
				GCC_WARN_64_TO_32_BIT_CONVERSION = YES;
				GCC_WARN_ABOUT_RETURN_TYPE = YES_ERROR;
				GCC_WARN_UNDECLARED_SELECTOR = YES;
				GCC_WARN_UNINITIALIZED_AUTOS = YES_AGGRESSIVE;
				GCC_WARN_UNUSED_FUNCTION = YES;
				GCC_WARN_UNUSED_VARIABLE = YES;
				IPHONEOS_DEPLOYMENT_TARGET = 17.5;
				LOCALIZATION_PREFERS_STRING_CATALOGS = YES;
				MTL_ENABLE_DEBUG_INFO = NO;
				MTL_FAST_MATH = YES;
				SDKROOT = iphoneos;
				SWIFT_COMPILATION_MODE = wholemodule;
				VALIDATE_PRODUCT = YES;
			};
			name = Release;
		};
		A2F110F72C2EBFCF00F69E24 /* Debug */ = {
			isa = XCBuildConfiguration;
			baseConfigurationReference = 6123C984AC1B514FB5777390 /* Pods-Milton-Coloring.debug.xcconfig */;
			buildSettings = {
				ASSETCATALOG_COMPILER_APPICON_NAME = AppIcon;
				ASSETCATALOG_COMPILER_GLOBAL_ACCENT_COLOR_NAME = AccentColor;
				CODE_SIGN_STYLE = Automatic;
				CURRENT_PROJECT_VERSION = 3;
				DEVELOPMENT_TEAM = UB5EDUN3Q5;
				GENERATE_INFOPLIST_FILE = YES;
				INFOPLIST_FILE = "Milton-Coloring/Info.plist";
				INFOPLIST_KEY_CFBundleDisplayName = "Milton Coloring";
				INFOPLIST_KEY_NSUserTrackingUsageDescription = "We need this permission to ensure we can personalize your experience, but we don't store any data about you";
				INFOPLIST_KEY_UIApplicationSupportsIndirectInputEvents = YES;
				INFOPLIST_KEY_UILaunchStoryboardName = LaunchScreen;
				INFOPLIST_KEY_UIMainStoryboardFile = Main;
				INFOPLIST_KEY_UIRequiresFullScreen = YES;
				INFOPLIST_KEY_UISupportedInterfaceOrientations = "UIInterfaceOrientationLandscapeLeft UIInterfaceOrientationLandscapeRight";
				LD_RUNPATH_SEARCH_PATHS = (
					"$(inherited)",
					"@executable_path/Frameworks",
				);
				MARKETING_VERSION = 2.0.0;
				PRODUCT_BUNDLE_IDENTIFIER = "com.werockapps.Milton-Coloring";
				PRODUCT_NAME = "$(TARGET_NAME)";
				SUPPORTED_PLATFORMS = "iphoneos iphonesimulator";
				SUPPORTS_MACCATALYST = NO;
				SUPPORTS_MAC_DESIGNED_FOR_IPHONE_IPAD = NO;
				SUPPORTS_XR_DESIGNED_FOR_IPHONE_IPAD = NO;
				SWIFT_EMIT_LOC_STRINGS = YES;
				SWIFT_VERSION = 5.0;
				TARGETED_DEVICE_FAMILY = 2;
			};
			name = Debug;
		};
		A2F110F82C2EBFCF00F69E24 /* Release */ = {
			isa = XCBuildConfiguration;
			baseConfigurationReference = F43A4D8C1C4135918D029B23 /* Pods-Milton-Coloring.release.xcconfig */;
			buildSettings = {
				ASSETCATALOG_COMPILER_APPICON_NAME = AppIcon;
				ASSETCATALOG_COMPILER_GLOBAL_ACCENT_COLOR_NAME = AccentColor;
				CODE_SIGN_STYLE = Automatic;
				CURRENT_PROJECT_VERSION = 3;
				DEVELOPMENT_TEAM = UB5EDUN3Q5;
				GENERATE_INFOPLIST_FILE = YES;
				INFOPLIST_FILE = "Milton-Coloring/Info.plist";
				INFOPLIST_KEY_CFBundleDisplayName = "Milton Coloring";
				INFOPLIST_KEY_NSUserTrackingUsageDescription = "We need this permission to ensure we can personalize your experience, but we don't store any data about you";
				INFOPLIST_KEY_UIApplicationSupportsIndirectInputEvents = YES;
				INFOPLIST_KEY_UILaunchStoryboardName = LaunchScreen;
				INFOPLIST_KEY_UIMainStoryboardFile = Main;
				INFOPLIST_KEY_UIRequiresFullScreen = YES;
				INFOPLIST_KEY_UISupportedInterfaceOrientations = "UIInterfaceOrientationLandscapeLeft UIInterfaceOrientationLandscapeRight";
				LD_RUNPATH_SEARCH_PATHS = (
					"$(inherited)",
					"@executable_path/Frameworks",
				);
				MARKETING_VERSION = 2.0.0;
				PRODUCT_BUNDLE_IDENTIFIER = "com.werockapps.Milton-Coloring";
				PRODUCT_NAME = "$(TARGET_NAME)";
				SUPPORTED_PLATFORMS = "iphoneos iphonesimulator";
				SUPPORTS_MACCATALYST = NO;
				SUPPORTS_MAC_DESIGNED_FOR_IPHONE_IPAD = NO;
				SUPPORTS_XR_DESIGNED_FOR_IPHONE_IPAD = NO;
				SWIFT_EMIT_LOC_STRINGS = YES;
				SWIFT_VERSION = 5.0;
				TARGETED_DEVICE_FAMILY = 2;
			};
			name = Release;
		};
/* End XCBuildConfiguration section */

/* Begin XCConfigurationList section */
		A2F110DD2C2EBFCE00F69E24 /* Build configuration list for PBXProject "Milton-Coloring" */ = {
			isa = XCConfigurationList;
			buildConfigurations = (
				A2F110F42C2EBFCF00F69E24 /* Debug */,
				A2F110F52C2EBFCF00F69E24 /* Release */,
			);
			defaultConfigurationIsVisible = 0;
			defaultConfigurationName = Release;
		};
		A2F110F62C2EBFCF00F69E24 /* Build configuration list for PBXNativeTarget "Milton-Coloring" */ = {
			isa = XCConfigurationList;
			buildConfigurations = (
				A2F110F72C2EBFCF00F69E24 /* Debug */,
				A2F110F82C2EBFCF00F69E24 /* Release */,
			);
			defaultConfigurationIsVisible = 0;
			defaultConfigurationName = Release;
		};
/* End XCConfigurationList section */
	};
	rootObject = A2F110DA2C2EBFCE00F69E24 /* Project object */;
}
